
Microsoft Visual Studio Solution File, Format Version 12.00
# Visual Studio Version 17
VisualStudioVersion = 17.7.34202.233
MinimumVisualStudioVersion = 10.0.40219.1
Project("{FAE04EC0-301F-11D3-BF4B-00C04F79EFBC}") = "Eventos_API", "Eventos_API\Eventos_API.csproj", "{40E7CEA7-1149-446E-8752-08FAF7F79640}"
EndProject
Global
	GlobalSection(SolutionConfigurationPlatforms) = preSolution
		Debug|Any CPU = Debug|Any CPU
		Release|Any CPU = Release|Any CPU
	EndGlobalSection
	GlobalSection(ProjectConfigurationPlatforms) = postSolution
		{40E7CEA7-1149-446E-8752-08FAF7F79640}.Debug|Any CPU.ActiveCfg = Debug|Any CPU
		{40E7CEA7-1149-446E-8752-08FAF7F79640}.Debug|Any CPU.Build.0 = Debug|Any CPU
		{40E7CEA7-1149-446E-8752-08FAF7F79640}.Release|Any CPU.ActiveCfg = Release|Any CPU
		{40E7CEA7-1149-446E-8752-08FAF7F79640}.Release|Any CPU.Build.0 = Release|Any CPU
	EndGlobalSection
	GlobalSection(SolutionProperties) = preSolution
		HideSolutionNode = FALSE
	EndGlobalSection
	GlobalSection(ExtensibilityGlobals) = postSolution
		SolutionGuid = {6E129E0E-1D00-4DF7-912A-319BE8EB4777}
	EndGlobalSection
EndGlobal
